
Microsoft Visual Studio Solution File, Format Version 12.00
Project("{FAE04EC0-301F-11D3-BF4B-00C04F79EFBC}") = "LongPolling", "LongPolling\LongPolling.csproj", "{6A3A83A6-6E5B-4158-9CF7-CFFDEE4407CC}"
EndProject
Project("{FAE04EC0-301F-11D3-BF4B-00C04F79EFBC}") = "LongPolling.Client", "LongPolling.Client\LongPolling.Client.csproj", "{20073804-EB94-41E0-868E-9C3B3F3441AB}"
EndProject
Global
	GlobalSection(SolutionConfigurationPlatforms) = preSolution
		Debug|Any CPU = Debug|Any CPU
		Release|Any CPU = Release|Any CPU
	EndGlobalSection
	GlobalSection(ProjectConfigurationPlatforms) = postSolution
		{6A3A83A6-6E5B-4158-9CF7-CFFDEE4407CC}.Debug|Any CPU.ActiveCfg = Debug|Any CPU
		{6A3A83A6-6E5B-4158-9CF7-CFFDEE4407CC}.Debug|Any CPU.Build.0 = Debug|Any CPU
		{6A3A83A6-6E5B-4158-9CF7-CFFDEE4407CC}.Release|Any CPU.ActiveCfg = Release|Any CPU
		{6A3A83A6-6E5B-4158-9CF7-CFFDEE4407CC}.Release|Any CPU.Build.0 = Release|Any CPU
		{20073804-EB94-41E0-868E-9C3B3F3441AB}.Debug|Any CPU.ActiveCfg = Debug|Any CPU
		{20073804-EB94-41E0-868E-9C3B3F3441AB}.Debug|Any CPU.Build.0 = Debug|Any CPU
		{20073804-EB94-41E0-868E-9C3B3F3441AB}.Release|Any CPU.ActiveCfg = Release|Any CPU
		{20073804-EB94-41E0-868E-9C3B3F3441AB}.Release|Any CPU.Build.0 = Release|Any CPU
	EndGlobalSection
EndGlobal
